{
  "originHash" : "63eaa0527fca73830bd3fb517719fee48a3dd0e18117f2213135216d8b28de67",
  "pins" : [
    {
      "identity" : "test_spm",
      "kind" : "remoteSourceControl",
      "location" : "https://github.com/Jackorea/test_spm.git",
      "state" : {
        "branch" : "main",
        "revision" : "ec787e121a671f6de220fd4990dd2dc2ce0ec7b7"
      }
    }
  ],
  "version" : 3
}
