{
  "originHash" : "63eaa0527fca73830bd3fb517719fee48a3dd0e18117f2213135216d8b28de67",
  "pins" : [
    {
      "identity" : "test_spm",
      "kind" : "remoteSourceControl",
      "location" : "https://github.com/Jackorea/test_spm.git",
      "state" : {
        "branch" : "main",
        "revision" : "5cd009f8c40c8361a63fa2ba4220bb7df17bebb0"
      }
    }
  ],
  "version" : 3
}
